
Microsoft Visual Studio Solution File, Format Version 12.00
# Visual Studio 15
VisualStudioVersion = 15.0.28010.2019
MinimumVisualStudioVersion = 10.0.40219.1
Project("{FAE04EC0-301F-11D3-BF4B-00C04F79EFBC}") = "BlogWebUI", "BlogWebUI\BlogWebUI.csproj", "{09C7AD15-E323-41AC-96A9-CC5C9EAFB150}"
EndProject
Global
	GlobalSection(SolutionConfigurationPlatforms) = preSolution
		Debug|Any CPU = Debug|Any CPU
		Release|Any CPU = Release|Any CPU
	EndGlobalSection
	GlobalSection(ProjectConfigurationPlatforms) = postSolution
		{09C7AD15-E323-41AC-96A9-CC5C9EAFB150}.Debug|Any CPU.ActiveCfg = Debug|Any CPU
		{09C7AD15-E323-41AC-96A9-CC5C9EAFB150}.Debug|Any CPU.Build.0 = Debug|Any CPU
		{09C7AD15-E323-41AC-96A9-CC5C9EAFB150}.Release|Any CPU.ActiveCfg = Release|Any CPU
		{09C7AD15-E323-41AC-96A9-CC5C9EAFB150}.Release|Any CPU.Build.0 = Release|Any CPU
	EndGlobalSection
	GlobalSection(SolutionProperties) = preSolution
		HideSolutionNode = FALSE
	EndGlobalSection
	GlobalSection(ExtensibilityGlobals) = postSolution
		SolutionGuid = {63980A36-F10E-4F2D-B48C-FE5E09CB3157}
	EndGlobalSection
EndGlobal
